
Microsoft Visual Studio Solution File, Format Version 12.00
# Visual Studio Version 17
VisualStudioVersion = 17.3.32922.545
MinimumVisualStudioVersion = 10.0.40219.1
Project("{FAE04EC0-301F-11D3-BF4B-00C04F79EFBC}") = "Dijkstry", "Dijkstry\Dijkstry.csproj", "{3D355409-7B11-4985-B3A3-6D95AD900682}"
EndProject
Global
	GlobalSection(SolutionConfigurationPlatforms) = preSolution
		Debug|Any CPU = Debug|Any CPU
		Release|Any CPU = Release|Any CPU
	EndGlobalSection
	GlobalSection(ProjectConfigurationPlatforms) = postSolution
		{3D355409-7B11-4985-B3A3-6D95AD900682}.Debug|Any CPU.ActiveCfg = Debug|Any CPU
		{3D355409-7B11-4985-B3A3-6D95AD900682}.Debug|Any CPU.Build.0 = Debug|Any CPU
		{3D355409-7B11-4985-B3A3-6D95AD900682}.Release|Any CPU.ActiveCfg = Release|Any CPU
		{3D355409-7B11-4985-B3A3-6D95AD900682}.Release|Any CPU.Build.0 = Release|Any CPU
	EndGlobalSection
	GlobalSection(SolutionProperties) = preSolution
		HideSolutionNode = FALSE
	EndGlobalSection
	GlobalSection(ExtensibilityGlobals) = postSolution
		SolutionGuid = {5F80CDF3-842C-4D91-A881-CC35A86965EF}
	EndGlobalSection
EndGlobal
