
Microsoft Visual Studio Solution File, Format Version 12.00
# Visual Studio Version 17
VisualStudioVersion = 17.3.32922.545
MinimumVisualStudioVersion = 10.0.40219.1
Project("{FAE04EC0-301F-11D3-BF4B-00C04F79EFBC}") = "zaj2", "zaj2\zaj2.csproj", "{CF3D01A9-5FCE-4C8B-BBFA-A4687F8641D6}"
EndProject
Global
	GlobalSection(SolutionConfigurationPlatforms) = preSolution
		Debug|Any CPU = Debug|Any CPU
		Release|Any CPU = Release|Any CPU
	EndGlobalSection
	GlobalSection(ProjectConfigurationPlatforms) = postSolution
		{CF3D01A9-5FCE-4C8B-BBFA-A4687F8641D6}.Debug|Any CPU.ActiveCfg = Debug|Any CPU
		{CF3D01A9-5FCE-4C8B-BBFA-A4687F8641D6}.Debug|Any CPU.Build.0 = Debug|Any CPU
		{CF3D01A9-5FCE-4C8B-BBFA-A4687F8641D6}.Release|Any CPU.ActiveCfg = Release|Any CPU
		{CF3D01A9-5FCE-4C8B-BBFA-A4687F8641D6}.Release|Any CPU.Build.0 = Release|Any CPU
	EndGlobalSection
	GlobalSection(SolutionProperties) = preSolution
		HideSolutionNode = FALSE
	EndGlobalSection
	GlobalSection(ExtensibilityGlobals) = postSolution
		SolutionGuid = {81D92DFF-E690-4B2C-941C-1BF446E1B6B7}
	EndGlobalSection
EndGlobal
