
Microsoft Visual Studio Solution File, Format Version 12.00
# Visual Studio Version 17
VisualStudioVersion = 17.9.34622.214
MinimumVisualStudioVersion = 10.0.40219.1
Project("{FAE04EC0-301F-11D3-BF4B-00C04F79EFBC}") = "WindowsFormsApp1", "WindowsFormsApp1\WindowsFormsApp1.csproj", "{EE7E0931-5E65-4BC7-A3EB-133ABB4B140C}"
EndProject
Global
	GlobalSection(SolutionConfigurationPlatforms) = preSolution
		Debug|Any CPU = Debug|Any CPU
		Release|Any CPU = Release|Any CPU
	EndGlobalSection
	GlobalSection(ProjectConfigurationPlatforms) = postSolution
		{EE7E0931-5E65-4BC7-A3EB-133ABB4B140C}.Debug|Any CPU.ActiveCfg = Debug|Any CPU
		{EE7E0931-5E65-4BC7-A3EB-133ABB4B140C}.Debug|Any CPU.Build.0 = Debug|Any CPU
		{EE7E0931-5E65-4BC7-A3EB-133ABB4B140C}.Release|Any CPU.ActiveCfg = Release|Any CPU
		{EE7E0931-5E65-4BC7-A3EB-133ABB4B140C}.Release|Any CPU.Build.0 = Release|Any CPU
	EndGlobalSection
	GlobalSection(SolutionProperties) = preSolution
		HideSolutionNode = FALSE
	EndGlobalSection
	GlobalSection(ExtensibilityGlobals) = postSolution
		SolutionGuid = {D6D4878E-6A1E-4498-B4FD-8E357C5CA7FE}
	EndGlobalSection
EndGlobal
